
Microsoft Visual Studio Solution File, Format Version 12.00
# Visual Studio Version 17
VisualStudioVersion = 17.0.32112.339
MinimumVisualStudioVersion = 10.0.40219.1
Project("{8BC9CEB8-8B4A-11D0-8D11-00A0C91BC942}") = "Regressao_Linear_Teclado", "Regressao_Linear_Teclado\Regressao_Linear_Teclado.vcxproj", "{AED7C53F-274B-433B-8305-7EE7DA1D9A61}"
EndProject
Global
	GlobalSection(SolutionConfigurationPlatforms) = preSolution
		Debug|x64 = Debug|x64
		Debug|x86 = Debug|x86
		Release|x64 = Release|x64
		Release|x86 = Release|x86
	EndGlobalSection
	GlobalSection(ProjectConfigurationPlatforms) = postSolution
		{AED7C53F-274B-433B-8305-7EE7DA1D9A61}.Debug|x64.ActiveCfg = Debug|x64
		{AED7C53F-274B-433B-8305-7EE7DA1D9A61}.Debug|x64.Build.0 = Debug|x64
		{AED7C53F-274B-433B-8305-7EE7DA1D9A61}.Debug|x86.ActiveCfg = Debug|Win32
		{AED7C53F-274B-433B-8305-7EE7DA1D9A61}.Debug|x86.Build.0 = Debug|Win32
		{AED7C53F-274B-433B-8305-7EE7DA1D9A61}.Release|x64.ActiveCfg = Release|x64
		{AED7C53F-274B-433B-8305-7EE7DA1D9A61}.Release|x64.Build.0 = Release|x64
		{AED7C53F-274B-433B-8305-7EE7DA1D9A61}.Release|x86.ActiveCfg = Release|Win32
		{AED7C53F-274B-433B-8305-7EE7DA1D9A61}.Release|x86.Build.0 = Release|Win32
	EndGlobalSection
	GlobalSection(SolutionProperties) = preSolution
		HideSolutionNode = FALSE
	EndGlobalSection
	GlobalSection(ExtensibilityGlobals) = postSolution
		SolutionGuid = {E3524992-DA43-4B3C-B842-46490B60313D}
	EndGlobalSection
EndGlobal
